# THIS IS AN AUTOGENERATED FILE. DO NOT EDIT THIS FILE DIRECTLY.
# yarn lockfile v1


matter-js@^0.19.0:
  version "0.19.0"
  resolved "https://registry.yarnpkg.com/matter-js/-/matter-js-0.19.0.tgz#185e518146ae4fa20c33826ebc7e6e42685e3642"
  integrity sha512-v2huwvQGOHTGOkMqtHd2hercCG3f6QAObTisPPHg8TZqq2lz7eIY/5i/5YUV8Ibf3mEioFEmwibcPUF2/fnKKQ==

react-native-game-engine@^1.2.0:
  version "1.2.0"
  resolved "https://registry.yarnpkg.com/react-native-game-engine/-/react-native-game-engine-1.2.0.tgz#a1a049cf9ab9a60607618cafcef8648429f4a817"
  integrity sha512-SZwvxh0qN5HxuREL733B2VrtsadoSiN0RxulGaJu8OC3LTeliQM7whGQREtoBLo2tQ9iIzyzhiMSTzLCvmEJWg==
  dependencies:
    rxjs "^6.2.2"

rxjs@^6.2.2:
  version "6.6.7"
  resolved "https://registry.yarnpkg.com/rxjs/-/rxjs-6.6.7.tgz#90ac018acabf491bf65044235d5863c4dab804c9"
  integrity sha512-hTdwr+7yYNIT5n4AMYp85KA6yw2Va0FLa3Rguvbpa4W3I5xynaBZo41cM3XM+4Q6fRMj3sBYIR1VAmZMXYJvRQ==
  dependencies:
    tslib "^1.9.0"

tslib@^1.9.0:
  version "1.14.1"
  resolved "https://registry.yarnpkg.com/tslib/-/tslib-1.14.1.tgz#cf2d38bdc34a134bcaf1091c41f6619e2f672d00"
  integrity sha512-Xni35NKzjgMrwevysHTCArtLDpPvye8zV/0E4EyYn43P7/7qvQwPh9BGkHewbMulVntbigmcT7rdX3BNo9wRJg==
